{
  "nodes": {
    "flakeCompat": {
      "flake": false,
      "locked": {
        "lastModified": 1627913399,
        "narHash": "sha256-hY8g6H2KFL8ownSiFeMOjwPC8P0ueXpCVEbxgda3pko=",
        "owner": "edolstra",
        "repo": "flake-compat",
        "rev": "12c64ca55c1014cdc1b16ed5a804aa8576601ff2",
        "type": "github"
      },
      "original": {
        "owner": "edolstra",
        "repo": "flake-compat",
        "type": "github"
      }
    },
    "makes": {
      "inputs": {
        "nixpkgs": "nixpkgs"
      },
      "locked": {
        "lastModified": 1632846817,
        "narHash": "sha256-0ff5Wzq7IAOAKa1DoOvne+u2HvCA/GaI5GzdNsLJiP4=",
        "owner": "fluidattacks",
        "repo": "makes",
        "rev": "c09d7491cbc1fb52793e20f7c73e0def5f0b62aa",
        "type": "github"
      },
      "original": {
        "owner": "fluidattacks",
        "repo": "makes",
        "type": "github"
      }
    },
    "nixpkgs": {
      "locked": {
        "lastModified": 1631904605,
        "narHash": "sha256-+EButmvDYPSK1EOkiBndJHmAgfEXFrqQTkzA/amSGRE=",
        "owner": "nixos",
        "repo": "nixpkgs",
        "rev": "cb5ca6505b964bc76aaa866634e4b8ad12da7792",
        "type": "github"
      },
      "original": {
        "owner": "nixos",
        "repo": "nixpkgs",
        "type": "github"
      }
    },
    "nixpkgsSource": {
      "flake": false,
      "locked": {
        "narHash": "sha256-F5+ESAMGMumeYuBx7qi9YnE9aeRhEE9JTjtvTb30lrQ=",
        "type": "tarball",
        "url": "https://github.com/nixos/nixpkgs/archive/932941b79c3dbbef2de9440e1631dfec43956261.tar.gz"
      },
      "original": {
        "type": "tarball",
        "url": "https://github.com/nixos/nixpkgs/archive/932941b79c3dbbef2de9440e1631dfec43956261.tar.gz"
      }
    },
    "nixpkgsSource2": {
      "flake": false,
      "locked": {
        "narHash": "sha256-g8ZZmGMbEbHuHW7yr86oRdh+7ot+3B5bz28J2WGgT6s=",
        "type": "tarball",
        "url": "https://github.com/nixos/nixpkgs/archive/7138a338b58713e0dea22ddab6a6785abec7376a.tar.gz"
      },
      "original": {
        "type": "tarball",
        "url": "https://github.com/nixos/nixpkgs/archive/7138a338b58713e0dea22ddab6a6785abec7376a.tar.gz"
      }
    },
    "nixpkgsSource3": {
      "flake": false,
      "locked": {
        "narHash": "sha256-GCwsHkzyuUefbsVUGbpWY6mk8Ir71ocZzx3oZIvrLj4=",
        "type": "tarball",
        "url": "https://github.com/nixos/nixpkgs/archive/a1d64d9419422ae9779ab5cada5828127a24e100.tar.gz"
      },
      "original": {
        "type": "tarball",
        "url": "https://github.com/nixos/nixpkgs/archive/a1d64d9419422ae9779ab5cada5828127a24e100.tar.gz"
      }
    },
    "root": {
      "inputs": {
        "flakeCompat": "flakeCompat",
        "makes": "makes",
        "nixpkgsSource": "nixpkgsSource",
        "nixpkgsSource2": "nixpkgsSource2",
        "nixpkgsSource3": "nixpkgsSource3"
      }
    }
  },
  "root": "root",
  "version": 7
}
