{
  "nodes": {
    "filter-patch": {
      "locked": {
        "dir": "makes-integration/nix-filter-patch",
        "lastModified": 1646242965,
        "narHash": "sha256-2sB2Sy4NLQ9AiRyqne17CDTC3+bHU2T9xXXYkPNU4IM=",
        "owner": "dmurciaatfluid",
        "repo": "purity",
        "rev": "96b8c0a1aa5644a3fdc7d92b998b96fe4ec4f9b6",
        "type": "gitlab"
      },
      "original": {
        "dir": "makes-integration/nix-filter-patch",
        "owner": "dmurciaatfluid",
        "ref": "dmurciaatfluid",
        "repo": "purity",
        "type": "gitlab"
      }
    },
    "nixpkgs": {
      "locked": {
        "lastModified": 1646166233,
        "narHash": "sha256-OZtK7Hd/b/h2gAF/hMfKCvuGJEvnYPSw9Lr+7L8IDaA=",
        "owner": "nixos",
        "repo": "nixpkgs",
        "rev": "5fff624af89009aa8dfd7fd72baca8d86918bbf6",
        "type": "github"
      },
      "original": {
        "owner": "nixos",
        "repo": "nixpkgs",
        "type": "github"
      }
    },
    "purity": {
      "inputs": {
        "nix_filter": [
          "filter-patch"
        ],
        "nixpkgs": [
          "nixpkgs"
        ]
      },
      "locked": {
        "lastModified": 1646052341,
        "narHash": "sha256-WHnpyWmHvayoDX2KuIef0o76Y+8ucv4ofD3OkpBiJvk=",
        "owner": "dmurciaatfluid",
        "repo": "purity",
        "rev": "c00aaf4821985d37cdd4187d05a5dee4cda30fe4",
        "type": "gitlab"
      },
      "original": {
        "owner": "dmurciaatfluid",
        "repo": "purity",
        "type": "gitlab"
      }
    },
    "redshift_client": {
      "inputs": {
        "nix_filter": [
          "filter-patch"
        ],
        "nixpkgs": [
          "nixpkgs"
        ],
        "purity": [
          "purity"
        ]
      },
      "locked": {
        "lastModified": 1646158916,
        "narHash": "sha256-xMxCX1coNx4YLV4Usf6zRy9CU8l8u7okt1YFS9y+fjI=",
        "owner": "dmurciaatfluid",
        "repo": "redshift_client",
        "rev": "2c0b4741209a70ca63ffced63be8aaa669a51b0f",
        "type": "gitlab"
      },
      "original": {
        "owner": "dmurciaatfluid",
        "repo": "redshift_client",
        "type": "gitlab"
      }
    },
    "root": {
      "inputs": {
        "filter-patch": "filter-patch",
        "nixpkgs": "nixpkgs",
        "purity": "purity",
        "redshift_client": "redshift_client"
      }
    }
  },
  "root": "root",
  "version": 7
}
