{
  "name": "integrates",
  "version": "1.0.0",
  "lockfileVersion": 1,
  "dependencies": {
    "terser-webpack-plugin": {
      "version": "2.3.5",
      "from": "terser-webpack-plugin@2.3.5",
      "dependencies": {
        "terser": {
          "version": "4.6.7",
          "from": "terser@^4.4.3"
        }
      }
    }
  }
}
