{
  "name": "integrates",
  "version": "1.0.0",
  "lockfileVersion": 1,
  "dependencies": {
    "typed-css-modules": {
      "version": "0.6.3",
      "from": "typed-css-modules@0.6.3",
      "dependencies": {
        "yargs": {
          "version": "12.0.5",
          "from": "yargs@12.0.5",
          "dependencies": {
            "yargs-parser": {
              "version": "13.1.2",
              "from": "yargs-parser@11.1.1"
            }
          }
        }
      }
    },
    "webpack-dev-server": {
      "version": "3.10.3",
      "from": "webpack-dev-server@3.10.3",
      "dependencies": {
        "yargs": {
          "version": "12.0.5",
          "from": "yargs@12.0.5",
          "dependencies": {
            "yargs-parser": {
              "version": "13.1.2",
              "from": "yargs-parser@11.1.1"
            }
          }
        }
      }
    }
  }
}
