# THIS IS AN AUTOGENERATED FILE. DO NOT EDIT THIS FILE DIRECTLY.
# yarn lockfile v1


bootstrap@^4.0.0:
  version "4.0.0"
  resolved "https://registry.yarnpkg.com/bootstrap/-/bootstrap-4.0.0.tgz#ceb03842c145fcc1b9b4e15da2a05656ba68469a"

commander@~2.15.0:
  version "2.15.1"
  resolved "https://registry.yarnpkg.com/commander/-/commander-2.15.1.tgz#df46e867d0fc2aec66a34662b406a9ccafff5b0f"

iframe-resizer@^3.5.16:
  version "3.5.16"
  resolved "https://registry.yarnpkg.com/iframe-resizer/-/iframe-resizer-3.5.16.tgz#a09ac6afcff6233d96b1865e47c93be7d359dcdf"

jquery@>=1.8.3, jquery@^3.3.1:
  version "3.3.1"
  resolved "https://registry.yarnpkg.com/jquery/-/jquery-3.3.1.tgz#958ce29e81c9790f31be7792df5d4d95fc57fbca"

owl.carousel2@^2.2.1:
  version "2.2.1"
  resolved "https://registry.yarnpkg.com/owl.carousel2/-/owl.carousel2-2.2.1.tgz#09dc5b4ae7b9b7a3d913fe4fea4c6d6cc7957f22"
  dependencies:
    jquery ">=1.8.3"

popper.js@^1.12.9:
  version "1.14.1"
  resolved "https://registry.yarnpkg.com/popper.js/-/popper.js-1.14.1.tgz#b8815e5cda6f62fc2042e47618649f75866e6753"

source-map@~0.6.1:
  version "0.6.1"
  resolved "https://registry.yarnpkg.com/source-map/-/source-map-0.6.1.tgz#74722af32e9614e9c287a8d0bbde48b5e2f1a263"

uglify-js@^3.3.8:
  version "3.3.16"
  resolved "https://registry.yarnpkg.com/uglify-js/-/uglify-js-3.3.16.tgz#23ba13efa27aa00885be7417819e8a9787f94028"
  dependencies:
    commander "~2.15.0"
    source-map "~0.6.1"
